
Microsoft Visual Studio Solution File, Format Version 12.00
# Visual Studio Version 16
VisualStudioVersion = 16.0.31019.35
MinimumVisualStudioVersion = 10.0.40219.1
Project("{FAE04EC0-301F-11D3-BF4B-00C04F79EFBC}") = "CoderByteAPI", "CoderByteAPI\CoderByteAPI.csproj", "{EE7CE2DD-CACF-4A29-92D0-1EF9B9F06EFB}"
EndProject
Project("{FAE04EC0-301F-11D3-BF4B-00C04F79EFBC}") = "NUnitTest_API_CoderByte", "NUnitTest_API_CoderByte\NUnitTest_API_CoderByte.csproj", "{38C8FBE9-75D4-4E8B-9609-0AD2617511B3}"
EndProject
Global
	GlobalSection(SolutionConfigurationPlatforms) = preSolution
		Debug|Any CPU = Debug|Any CPU
		Release|Any CPU = Release|Any CPU
	EndGlobalSection
	GlobalSection(ProjectConfigurationPlatforms) = postSolution
		{EE7CE2DD-CACF-4A29-92D0-1EF9B9F06EFB}.Debug|Any CPU.ActiveCfg = Debug|Any CPU
		{EE7CE2DD-CACF-4A29-92D0-1EF9B9F06EFB}.Debug|Any CPU.Build.0 = Debug|Any CPU
		{EE7CE2DD-CACF-4A29-92D0-1EF9B9F06EFB}.Release|Any CPU.ActiveCfg = Release|Any CPU
		{EE7CE2DD-CACF-4A29-92D0-1EF9B9F06EFB}.Release|Any CPU.Build.0 = Release|Any CPU
		{38C8FBE9-75D4-4E8B-9609-0AD2617511B3}.Debug|Any CPU.ActiveCfg = Debug|Any CPU
		{38C8FBE9-75D4-4E8B-9609-0AD2617511B3}.Debug|Any CPU.Build.0 = Debug|Any CPU
		{38C8FBE9-75D4-4E8B-9609-0AD2617511B3}.Release|Any CPU.ActiveCfg = Release|Any CPU
		{38C8FBE9-75D4-4E8B-9609-0AD2617511B3}.Release|Any CPU.Build.0 = Release|Any CPU
	EndGlobalSection
	GlobalSection(SolutionProperties) = preSolution
		HideSolutionNode = FALSE
	EndGlobalSection
	GlobalSection(ExtensibilityGlobals) = postSolution
		SolutionGuid = {961995A3-AAD6-42C8-8261-94A69EDF967F}
	EndGlobalSection
EndGlobal
